
Microsoft Visual Studio Solution File, Format Version 12.00
# Visual Studio Version 16
VisualStudioVersion = 16.0.29418.71
MinimumVisualStudioVersion = 10.0.40219.1
Project("{FAE04EC0-301F-11D3-BF4B-00C04F79EFBC}") = "SkiaApp.Android", "SkiaApp\SkiaApp.Android\SkiaApp.Android.csproj", "{BF08F19D-3081-4F7B-A525-6C3CF5BD56D4}"
EndProject
Project("{FAE04EC0-301F-11D3-BF4B-00C04F79EFBC}") = "SkiaApp", "SkiaApp\SkiaApp\SkiaApp.csproj", "{3FB1265D-2C31-4401-B1BF-59DFAFAD14E7}"
EndProject
Global
	GlobalSection(SolutionConfigurationPlatforms) = preSolution
		Debug|Any CPU = Debug|Any CPU
		Release|Any CPU = Release|Any CPU
	EndGlobalSection
	GlobalSection(ProjectConfigurationPlatforms) = postSolution
		{BF08F19D-3081-4F7B-A525-6C3CF5BD56D4}.Debug|Any CPU.ActiveCfg = Debug|Any CPU
		{BF08F19D-3081-4F7B-A525-6C3CF5BD56D4}.Debug|Any CPU.Build.0 = Debug|Any CPU
		{BF08F19D-3081-4F7B-A525-6C3CF5BD56D4}.Debug|Any CPU.Deploy.0 = Debug|Any CPU
		{BF08F19D-3081-4F7B-A525-6C3CF5BD56D4}.Release|Any CPU.ActiveCfg = Release|Any CPU
		{BF08F19D-3081-4F7B-A525-6C3CF5BD56D4}.Release|Any CPU.Build.0 = Release|Any CPU
		{BF08F19D-3081-4F7B-A525-6C3CF5BD56D4}.Release|Any CPU.Deploy.0 = Release|Any CPU
		{3FB1265D-2C31-4401-B1BF-59DFAFAD14E7}.Debug|Any CPU.ActiveCfg = Debug|Any CPU
		{3FB1265D-2C31-4401-B1BF-59DFAFAD14E7}.Debug|Any CPU.Build.0 = Debug|Any CPU
		{3FB1265D-2C31-4401-B1BF-59DFAFAD14E7}.Debug|Any CPU.Deploy.0 = Debug|Any CPU
		{3FB1265D-2C31-4401-B1BF-59DFAFAD14E7}.Release|Any CPU.ActiveCfg = Release|Any CPU
		{3FB1265D-2C31-4401-B1BF-59DFAFAD14E7}.Release|Any CPU.Build.0 = Release|Any CPU
		{3FB1265D-2C31-4401-B1BF-59DFAFAD14E7}.Release|Any CPU.Deploy.0 = Release|Any CPU
	EndGlobalSection
	GlobalSection(SolutionProperties) = preSolution
		HideSolutionNode = FALSE
	EndGlobalSection
	GlobalSection(ExtensibilityGlobals) = postSolution
		SolutionGuid = {6FBD2FAC-F8EB-4270-807C-7C1A73CE82C2}
	EndGlobalSection
EndGlobal
